// !$*UTF8*$!
{
	archiveVersion = 1;
	classes = {
	};
	objectVersion = 50;
	objects = {

/* Begin PBXBuildFile section */
		32B4E15120EBAAB600AE2BC1 /* AppDelegate.swift in Sources */ = {isa = PBXBuildFile; fileRef = 32B4E15020EBAAB600AE2BC1 /* AppDelegate.swift */; };
		32B4E15320EBAAB600AE2BC1 /* MasterViewController.swift in Sources */ = {isa = PBXBuildFile; fileRef = 32B4E15220EBAAB600AE2BC1 /* MasterViewController.swift */; };
		32B4E15520EBAAB600AE2BC1 /* DetailViewController.swift in Sources */ = {isa = PBXBuildFile; fileRef = 32B4E15420EBAAB600AE2BC1 /* DetailViewController.swift */; };
		32B4E15820EBAAB600AE2BC1 /* Main.storyboard in Resources */ = {isa = PBXBuildFile; fileRef = 32B4E15620EBAAB600AE2BC1 /* Main.storyboard */; };
		32B4E15A20EBAABE00AE2BC1 /* Assets.xcassets in Resources */ = {isa = PBXBuildFile; fileRef = 32B4E15920EBAABE00AE2BC1 /* Assets.xcassets */; };
		32B4E15D20EBAABE00AE2BC1 /* LaunchScreen.storyboard in Resources */ = {isa = PBXBuildFile; fileRef = 32B4E15B20EBAABE00AE2BC1 /* LaunchScreen.storyboard */; };
		32B4E16820EBAABF00AE2BC1 /* selfiegramTests.swift in Sources */ = {isa = PBXBuildFile; fileRef = 32B4E16720EBAABF00AE2BC1 /* selfiegramTests.swift */; };
		32B4E17320EBAABF00AE2BC1 /* selfiegramUITests.swift in Sources */ = {isa = PBXBuildFile; fileRef = 32B4E17220EBAABF00AE2BC1 /* selfiegramUITests.swift */; };
		32B4E18120EBC3A700AE2BC1 /* SelfieStore.swift in Sources */ = {isa = PBXBuildFile; fileRef = 32B4E18020EBC3A700AE2BC1 /* SelfieStore.swift */; };
		32B4E18320EBCBF800AE2BC1 /* SelfieStoreTests.swift in Sources */ = {isa = PBXBuildFile; fileRef = 32B4E18220EBCBF800AE2BC1 /* SelfieStoreTests.swift */; };
/* End PBXBuildFile section */

/* Begin PBXContainerItemProxy section */
		32B4E16420EBAABF00AE2BC1 /* PBXContainerItemProxy */ = {
			isa = PBXContainerItemProxy;
			containerPortal = 32B4E14520EBAAB600AE2BC1 /* Project object */;
			proxyType = 1;
			remoteGlobalIDString = 32B4E14C20EBAAB600AE2BC1;
			remoteInfo = selfiegram;
		};
		32B4E16F20EBAABF00AE2BC1 /* PBXContainerItemProxy */ = {
			isa = PBXContainerItemProxy;
			containerPortal = 32B4E14520EBAAB600AE2BC1 /* Project object */;
			proxyType = 1;
			remoteGlobalIDString = 32B4E14C20EBAAB600AE2BC1;
			remoteInfo = selfiegram;
		};
/* End PBXContainerItemProxy section */

/* Begin PBXFileReference section */
		32B4E14D20EBAAB600AE2BC1 /* selfiegram.app */ = {isa = PBXFileReference; explicitFileType = wrapper.application; includeInIndex = 0; path = selfiegram.app; sourceTree = BUILT_PRODUCTS_DIR; };
		32B4E15020EBAAB600AE2BC1 /* AppDelegate.swift */ = {isa = PBXFileReference; lastKnownFileType = sourcecode.swift; path = AppDelegate.swift; sourceTree = "<group>"; };
		32B4E15220EBAAB600AE2BC1 /* MasterViewController.swift */ = {isa = PBXFileReference; lastKnownFileType = sourcecode.swift; path = MasterViewController.swift; sourceTree = "<group>"; };
		32B4E15420EBAAB600AE2BC1 /* DetailViewController.swift */ = {isa = PBXFileReference; lastKnownFileType = sourcecode.swift; path = DetailViewController.swift; sourceTree = "<group>"; };
		32B4E15720EBAAB600AE2BC1 /* Base */ = {isa = PBXFileReference; lastKnownFileType = file.storyboard; name = Base; path = Base.lproj/Main.storyboard; sourceTree = "<group>"; };
		32B4E15920EBAABE00AE2BC1 /* Assets.xcassets */ = {isa = PBXFileReference; lastKnownFileType = folder.assetcatalog; path = Assets.xcassets; sourceTree = "<group>"; };
		32B4E15C20EBAABE00AE2BC1 /* Base */ = {isa = PBXFileReference; lastKnownFileType = file.storyboard; name = Base; path = Base.lproj/LaunchScreen.storyboard; sourceTree = "<group>"; };
		32B4E15E20EBAABE00AE2BC1 /* Info.plist */ = {isa = PBXFileReference; lastKnownFileType = text.plist.xml; path = Info.plist; sourceTree = "<group>"; };
		32B4E16320EBAABF00AE2BC1 /* selfiegramTests.xctest */ = {isa = PBXFileReference; explicitFileType = wrapper.cfbundle; includeInIndex = 0; path = selfiegramTests.xctest; sourceTree = BUILT_PRODUCTS_DIR; };
		32B4E16720EBAABF00AE2BC1 /* selfiegramTests.swift */ = {isa = PBXFileReference; lastKnownFileType = sourcecode.swift; path = selfiegramTests.swift; sourceTree = "<group>"; };
		32B4E16920EBAABF00AE2BC1 /* Info.plist */ = {isa = PBXFileReference; lastKnownFileType = text.plist.xml; path = Info.plist; sourceTree = "<group>"; };
		32B4E16E20EBAABF00AE2BC1 /* selfiegramUITests.xctest */ = {isa = PBXFileReference; explicitFileType = wrapper.cfbundle; includeInIndex = 0; path = selfiegramUITests.xctest; sourceTree = BUILT_PRODUCTS_DIR; };
		32B4E17220EBAABF00AE2BC1 /* selfiegramUITests.swift */ = {isa = PBXFileReference; lastKnownFileType = sourcecode.swift; path = selfiegramUITests.swift; sourceTree = "<group>"; };
		32B4E17420EBAABF00AE2BC1 /* Info.plist */ = {isa = PBXFileReference; lastKnownFileType = text.plist.xml; path = Info.plist; sourceTree = "<group>"; };
		32B4E18020EBC3A700AE2BC1 /* SelfieStore.swift */ = {isa = PBXFileReference; lastKnownFileType = sourcecode.swift; path = SelfieStore.swift; sourceTree = "<group>"; };
		32B4E18220EBCBF800AE2BC1 /* SelfieStoreTests.swift */ = {isa = PBXFileReference; lastKnownFileType = sourcecode.swift; path = SelfieStoreTests.swift; sourceTree = "<group>"; };
/* End PBXFileReference section */

/* Begin PBXFrameworksBuildPhase section */
		32B4E14A20EBAAB600AE2BC1 /* Frameworks */ = {
			isa = PBXFrameworksBuildPhase;
			buildActionMask = 2147483647;
			files = (
			);
			runOnlyForDeploymentPostprocessing = 0;
		};
		32B4E16020EBAABF00AE2BC1 /* Frameworks */ = {
			isa = PBXFrameworksBuildPhase;
			buildActionMask = 2147483647;
			files = (
			);
			runOnlyForDeploymentPostprocessing = 0;
		};
		32B4E16B20EBAABF00AE2BC1 /* Frameworks */ = {
			isa = PBXFrameworksBuildPhase;
			buildActionMask = 2147483647;
			files = (
			);
			runOnlyForDeploymentPostprocessing = 0;
		};
/* End PBXFrameworksBuildPhase section */

/* Begin PBXGroup section */
		32B4E14420EBAAB600AE2BC1 = {
			isa = PBXGroup;
			children = (
				32B4E14F20EBAAB600AE2BC1 /* selfiegram */,
				32B4E16620EBAABF00AE2BC1 /* selfiegramTests */,
				32B4E17120EBAABF00AE2BC1 /* selfiegramUITests */,
				32B4E14E20EBAAB600AE2BC1 /* Products */,
			);
			sourceTree = "<group>";
		};
		32B4E14E20EBAAB600AE2BC1 /* Products */ = {
			isa = PBXGroup;
			children = (
				32B4E14D20EBAAB600AE2BC1 /* selfiegram.app */,
				32B4E16320EBAABF00AE2BC1 /* selfiegramTests.xctest */,
				32B4E16E20EBAABF00AE2BC1 /* selfiegramUITests.xctest */,
			);
			name = Products;
			sourceTree = "<group>";
		};
		32B4E14F20EBAAB600AE2BC1 /* selfiegram */ = {
			isa = PBXGroup;
			children = (
				32B4E15020EBAAB600AE2BC1 /* AppDelegate.swift */,
				32B4E15220EBAAB600AE2BC1 /* MasterViewController.swift */,
				32B4E15420EBAAB600AE2BC1 /* DetailViewController.swift */,
				32B4E15620EBAAB600AE2BC1 /* Main.storyboard */,
				32B4E18020EBC3A700AE2BC1 /* SelfieStore.swift */,
				32B4E15920EBAABE00AE2BC1 /* Assets.xcassets */,
				32B4E15B20EBAABE00AE2BC1 /* LaunchScreen.storyboard */,
				32B4E15E20EBAABE00AE2BC1 /* Info.plist */,
			);
			path = selfiegram;
			sourceTree = "<group>";
		};
		32B4E16620EBAABF00AE2BC1 /* selfiegramTests */ = {
			isa = PBXGroup;
			children = (
				32B4E16720EBAABF00AE2BC1 /* selfiegramTests.swift */,
				32B4E16920EBAABF00AE2BC1 /* Info.plist */,
				32B4E18220EBCBF800AE2BC1 /* SelfieStoreTests.swift */,
			);
			path = selfiegramTests;
			sourceTree = "<group>";
		};
		32B4E17120EBAABF00AE2BC1 /* selfiegramUITests */ = {
			isa = PBXGroup;
			children = (
				32B4E17220EBAABF00AE2BC1 /* selfiegramUITests.swift */,
				32B4E17420EBAABF00AE2BC1 /* Info.plist */,
			);
			path = selfiegramUITests;
			sourceTree = "<group>";
		};
/* End PBXGroup section */

/* Begin PBXNativeTarget section */
		32B4E14C20EBAAB600AE2BC1 /* selfiegram */ = {
			isa = PBXNativeTarget;
			buildConfigurationList = 32B4E17720EBAABF00AE2BC1 /* Build configuration list for PBXNativeTarget "selfiegram" */;
			buildPhases = (
				32B4E14920EBAAB600AE2BC1 /* Sources */,
				32B4E14A20EBAAB600AE2BC1 /* Frameworks */,
				32B4E14B20EBAAB600AE2BC1 /* Resources */,
			);
			buildRules = (
			);
			dependencies = (
			);
			name = selfiegram;
			productName = selfiegram;
			productReference = 32B4E14D20EBAAB600AE2BC1 /* selfiegram.app */;
			productType = "com.apple.product-type.application";
		};
		32B4E16220EBAABF00AE2BC1 /* selfiegramTests */ = {
			isa = PBXNativeTarget;
			buildConfigurationList = 32B4E17A20EBAABF00AE2BC1 /* Build configuration list for PBXNativeTarget "selfiegramTests" */;
			buildPhases = (
				32B4E15F20EBAABF00AE2BC1 /* Sources */,
				32B4E16020EBAABF00AE2BC1 /* Frameworks */,
				32B4E16120EBAABF00AE2BC1 /* Resources */,
			);
			buildRules = (
			);
			dependencies = (
				32B4E16520EBAABF00AE2BC1 /* PBXTargetDependency */,
			);
			name = selfiegramTests;
			productName = selfiegramTests;
			productReference = 32B4E16320EBAABF00AE2BC1 /* selfiegramTests.xctest */;
			productType = "com.apple.product-type.bundle.unit-test";
		};
		32B4E16D20EBAABF00AE2BC1 /* selfiegramUITests */ = {
			isa = PBXNativeTarget;
			buildConfigurationList = 32B4E17D20EBAABF00AE2BC1 /* Build configuration list for PBXNativeTarget "selfiegramUITests" */;
			buildPhases = (
				32B4E16A20EBAABF00AE2BC1 /* Sources */,
				32B4E16B20EBAABF00AE2BC1 /* Frameworks */,
				32B4E16C20EBAABF00AE2BC1 /* Resources */,
			);
			buildRules = (
			);
			dependencies = (
				32B4E17020EBAABF00AE2BC1 /* PBXTargetDependency */,
			);
			name = selfiegramUITests;
			productName = selfiegramUITests;
			productReference = 32B4E16E20EBAABF00AE2BC1 /* selfiegramUITests.xctest */;
			productType = "com.apple.product-type.bundle.ui-testing";
		};
/* End PBXNativeTarget section */

/* Begin PBXProject section */
		32B4E14520EBAAB600AE2BC1 /* Project object */ = {
			isa = PBXProject;
			attributes = {
				LastSwiftUpdateCheck = 0940;
				LastUpgradeCheck = 0940;
				ORGANIZATIONNAME = "Yevgeniy Skroznikov";
				TargetAttributes = {
					32B4E14C20EBAAB600AE2BC1 = {
						CreatedOnToolsVersion = 9.4.1;
					};
					32B4E16220EBAABF00AE2BC1 = {
						CreatedOnToolsVersion = 9.4.1;
						TestTargetID = 32B4E14C20EBAAB600AE2BC1;
					};
					32B4E16D20EBAABF00AE2BC1 = {
						CreatedOnToolsVersion = 9.4.1;
						TestTargetID = 32B4E14C20EBAAB600AE2BC1;
					};
				};
			};
			buildConfigurationList = 32B4E14820EBAAB600AE2BC1 /* Build configuration list for PBXProject "selfiegram" */;
			compatibilityVersion = "Xcode 9.3";
			developmentRegion = en;
			hasScannedForEncodings = 0;
			knownRegions = (
				en,
				Base,
			);
			mainGroup = 32B4E14420EBAAB600AE2BC1;
			productRefGroup = 32B4E14E20EBAAB600AE2BC1 /* Products */;
			projectDirPath = "";
			projectRoot = "";
			targets = (
				32B4E14C20EBAAB600AE2BC1 /* selfiegram */,
				32B4E16220EBAABF00AE2BC1 /* selfiegramTests */,
				32B4E16D20EBAABF00AE2BC1 /* selfiegramUITests */,
			);
		};
/* End PBXProject section */

/* Begin PBXResourcesBuildPhase section */
		32B4E14B20EBAAB600AE2BC1 /* Resources */ = {
			isa = PBXResourcesBuildPhase;
			buildActionMask = 2147483647;
			files = (
				32B4E15D20EBAABE00AE2BC1 /* LaunchScreen.storyboard in Resources */,
				32B4E15A20EBAABE00AE2BC1 /* Assets.xcassets in Resources */,
				32B4E15820EBAAB600AE2BC1 /* Main.storyboard in Resources */,
			);
			runOnlyForDeploymentPostprocessing = 0;
		};
		32B4E16120EBAABF00AE2BC1 /* Resources */ = {
			isa = PBXResourcesBuildPhase;
			buildActionMask = 2147483647;
			files = (
			);
			runOnlyForDeploymentPostprocessing = 0;
		};
		32B4E16C20EBAABF00AE2BC1 /* Resources */ = {
			isa = PBXResourcesBuildPhase;
			buildActionMask = 2147483647;
			files = (
			);
			runOnlyForDeploymentPostprocessing = 0;
		};
/* End PBXResourcesBuildPhase section */

/* Begin PBXSourcesBuildPhase section */
		32B4E14920EBAAB600AE2BC1 /* Sources */ = {
			isa = PBXSourcesBuildPhase;
			buildActionMask = 2147483647;
			files = (
				32B4E15520EBAAB600AE2BC1 /* DetailViewController.swift in Sources */,
				32B4E15320EBAAB600AE2BC1 /* MasterViewController.swift in Sources */,
				32B4E15120EBAAB600AE2BC1 /* AppDelegate.swift in Sources */,
				32B4E18120EBC3A700AE2BC1 /* SelfieStore.swift in Sources */,
			);
			runOnlyForDeploymentPostprocessing = 0;
		};
		32B4E15F20EBAABF00AE2BC1 /* Sources */ = {
			isa = PBXSourcesBuildPhase;
			buildActionMask = 2147483647;
			files = (
				32B4E16820EBAABF00AE2BC1 /* selfiegramTests.swift in Sources */,
				32B4E18320EBCBF800AE2BC1 /* SelfieStoreTests.swift in Sources */,
			);
			runOnlyForDeploymentPostprocessing = 0;
		};
		32B4E16A20EBAABF00AE2BC1 /* Sources */ = {
			isa = PBXSourcesBuildPhase;
			buildActionMask = 2147483647;
			files = (
				32B4E17320EBAABF00AE2BC1 /* selfiegramUITests.swift in Sources */,
			);
			runOnlyForDeploymentPostprocessing = 0;
		};
/* End PBXSourcesBuildPhase section */

/* Begin PBXTargetDependency section */
		32B4E16520EBAABF00AE2BC1 /* PBXTargetDependency */ = {
			isa = PBXTargetDependency;
			target = 32B4E14C20EBAAB600AE2BC1 /* selfiegram */;
			targetProxy = 32B4E16420EBAABF00AE2BC1 /* PBXContainerItemProxy */;
		};
		32B4E17020EBAABF00AE2BC1 /* PBXTargetDependency */ = {
			isa = PBXTargetDependency;
			target = 32B4E14C20EBAAB600AE2BC1 /* selfiegram */;
			targetProxy = 32B4E16F20EBAABF00AE2BC1 /* PBXContainerItemProxy */;
		};
/* End PBXTargetDependency section */

/* Begin PBXVariantGroup section */
		32B4E15620EBAAB600AE2BC1 /* Main.storyboard */ = {
			isa = PBXVariantGroup;
			children = (
				32B4E15720EBAAB600AE2BC1 /* Base */,
			);
			name = Main.storyboard;
			sourceTree = "<group>";
		};
		32B4E15B20EBAABE00AE2BC1 /* LaunchScreen.storyboard */ = {
			isa = PBXVariantGroup;
			children = (
				32B4E15C20EBAABE00AE2BC1 /* Base */,
			);
			name = LaunchScreen.storyboard;
			sourceTree = "<group>";
		};
/* End PBXVariantGroup section */

/* Begin XCBuildConfiguration section */
		32B4E17520EBAABF00AE2BC1 /* Debug */ = {
			isa = XCBuildConfiguration;
			buildSettings = {
				ALWAYS_SEARCH_USER_PATHS = NO;
				CLANG_ANALYZER_NONNULL = YES;
				CLANG_ANALYZER_NUMBER_OBJECT_CONVERSION = YES_AGGRESSIVE;
				CLANG_CXX_LANGUAGE_STANDARD = "gnu++14";
				CLANG_CXX_LIBRARY = "libc++";
				CLANG_ENABLE_MODULES = YES;
				CLANG_ENABLE_OBJC_ARC = YES;
				CLANG_ENABLE_OBJC_WEAK = YES;
				CLANG_WARN_BLOCK_CAPTURE_AUTORELEASING = YES;
				CLANG_WARN_BOOL_CONVERSION = YES;
				CLANG_WARN_COMMA = YES;
				CLANG_WARN_CONSTANT_CONVERSION = YES;
				CLANG_WARN_DEPRECATED_OBJC_IMPLEMENTATIONS = YES;
				CLANG_WARN_DIRECT_OBJC_ISA_USAGE = YES_ERROR;
				CLANG_WARN_DOCUMENTATION_COMMENTS = YES;
				CLANG_WARN_EMPTY_BODY = YES;
				CLANG_WARN_ENUM_CONVERSION = YES;
				CLANG_WARN_INFINITE_RECURSION = YES;
				CLANG_WARN_INT_CONVERSION = YES;
				CLANG_WARN_NON_LITERAL_NULL_CONVERSION = YES;
				CLANG_WARN_OBJC_IMPLICIT_RETAIN_SELF = YES;
				CLANG_WARN_OBJC_LITERAL_CONVERSION = YES;
				CLANG_WARN_OBJC_ROOT_CLASS = YES_ERROR;
				CLANG_WARN_RANGE_LOOP_ANALYSIS = YES;
				CLANG_WARN_STRICT_PROTOTYPES = YES;
				CLANG_WARN_SUSPICIOUS_MOVE = YES;
				CLANG_WARN_UNGUARDED_AVAILABILITY = YES_AGGRESSIVE;
				CLANG_WARN_UNREACHABLE_CODE = YES;
				CLANG_WARN__DUPLICATE_METHOD_MATCH = YES;
				CODE_SIGN_IDENTITY = "iPhone Developer";
				COPY_PHASE_STRIP = NO;
				DEBUG_INFORMATION_FORMAT = dwarf;
				ENABLE_STRICT_OBJC_MSGSEND = YES;
				ENABLE_TESTABILITY = YES;
				GCC_C_LANGUAGE_STANDARD = gnu11;
				GCC_DYNAMIC_NO_PIC = NO;
				GCC_NO_COMMON_BLOCKS = YES;
				GCC_OPTIMIZATION_LEVEL = 0;
				GCC_PREPROCESSOR_DEFINITIONS = (
					"DEBUG=1",
					"$(inherited)",
				);
				GCC_WARN_64_TO_32_BIT_CONVERSION = YES;
				GCC_WARN_ABOUT_RETURN_TYPE = YES_ERROR;
				GCC_WARN_UNDECLARED_SELECTOR = YES;
				GCC_WARN_UNINITIALIZED_AUTOS = YES_AGGRESSIVE;
				GCC_WARN_UNUSED_FUNCTION = YES;
				GCC_WARN_UNUSED_VARIABLE = YES;
				IPHONEOS_DEPLOYMENT_TARGET = 11.4;
				MTL_ENABLE_DEBUG_INFO = YES;
				ONLY_ACTIVE_ARCH = YES;
				SDKROOT = iphoneos;
				SWIFT_ACTIVE_COMPILATION_CONDITIONS = DEBUG;
				SWIFT_OPTIMIZATION_LEVEL = "-Onone";
			};
			name = Debug;
		};
		32B4E17620EBAABF00AE2BC1 /* Release */ = {
			isa = XCBuildConfiguration;
			buildSettings = {
				ALWAYS_SEARCH_USER_PATHS = NO;
				CLANG_ANALYZER_NONNULL = YES;
				CLANG_ANALYZER_NUMBER_OBJECT_CONVERSION = YES_AGGRESSIVE;
				CLANG_CXX_LANGUAGE_STANDARD = "gnu++14";
				CLANG_CXX_LIBRARY = "libc++";
				CLANG_ENABLE_MODULES = YES;
				CLANG_ENABLE_OBJC_ARC = YES;
				CLANG_ENABLE_OBJC_WEAK = YES;
				CLANG_WARN_BLOCK_CAPTURE_AUTORELEASING = YES;
				CLANG_WARN_BOOL_CONVERSION = YES;
				CLANG_WARN_COMMA = YES;
				CLANG_WARN_CONSTANT_CONVERSION = YES;
				CLANG_WARN_DEPRECATED_OBJC_IMPLEMENTATIONS = YES;
				CLANG_WARN_DIRECT_OBJC_ISA_USAGE = YES_ERROR;
				CLANG_WARN_DOCUMENTATION_COMMENTS = YES;
				CLANG_WARN_EMPTY_BODY = YES;
				CLANG_WARN_ENUM_CONVERSION = YES;
				CLANG_WARN_INFINITE_RECURSION = YES;
				CLANG_WARN_INT_CONVERSION = YES;
				CLANG_WARN_NON_LITERAL_NULL_CONVERSION = YES;
				CLANG_WARN_OBJC_IMPLICIT_RETAIN_SELF = YES;
				CLANG_WARN_OBJC_LITERAL_CONVERSION = YES;
				CLANG_WARN_OBJC_ROOT_CLASS = YES_ERROR;
				CLANG_WARN_RANGE_LOOP_ANALYSIS = YES;
				CLANG_WARN_STRICT_PROTOTYPES = YES;
				CLANG_WARN_SUSPICIOUS_MOVE = YES;
				CLANG_WARN_UNGUARDED_AVAILABILITY = YES_AGGRESSIVE;
				CLANG_WARN_UNREACHABLE_CODE = YES;
				CLANG_WARN__DUPLICATE_METHOD_MATCH = YES;
				CODE_SIGN_IDENTITY = "iPhone Developer";
				COPY_PHASE_STRIP = NO;
				DEBUG_INFORMATION_FORMAT = "dwarf-with-dsym";
				ENABLE_NS_ASSERTIONS = NO;
				ENABLE_STRICT_OBJC_MSGSEND = YES;
				GCC_C_LANGUAGE_STANDARD = gnu11;
				GCC_NO_COMMON_BLOCKS = YES;
				GCC_WARN_64_TO_32_BIT_CONVERSION = YES;
				GCC_WARN_ABOUT_RETURN_TYPE = YES_ERROR;
				GCC_WARN_UNDECLARED_SELECTOR = YES;
				GCC_WARN_UNINITIALIZED_AUTOS = YES_AGGRESSIVE;
				GCC_WARN_UNUSED_FUNCTION = YES;
				GCC_WARN_UNUSED_VARIABLE = YES;
				IPHONEOS_DEPLOYMENT_TARGET = 11.4;
				MTL_ENABLE_DEBUG_INFO = NO;
				SDKROOT = iphoneos;
				SWIFT_COMPILATION_MODE = wholemodule;
				SWIFT_OPTIMIZATION_LEVEL = "-O";
				VALIDATE_PRODUCT = YES;
			};
			name = Release;
		};
		32B4E17820EBAABF00AE2BC1 /* Debug */ = {
			isa = XCBuildConfiguration;
			buildSettings = {
				ASSETCATALOG_COMPILER_APPICON_NAME = AppIcon;
				CODE_SIGN_STYLE = Automatic;
				INFOPLIST_FILE = selfiegram/Info.plist;
				LD_RUNPATH_SEARCH_PATHS = (
					"$(inherited)",
					"@executable_path/Frameworks",
				);
				PRODUCT_BUNDLE_IDENTIFIER = wingedking.selfiegram;
				PRODUCT_NAME = "$(TARGET_NAME)";
				SWIFT_VERSION = 4.0;
				TARGETED_DEVICE_FAMILY = "1,2";
			};
			name = Debug;
		};
		32B4E17920EBAABF00AE2BC1 /* Release */ = {
			isa = XCBuildConfiguration;
			buildSettings = {
				ASSETCATALOG_COMPILER_APPICON_NAME = AppIcon;
				CODE_SIGN_STYLE = Automatic;
				INFOPLIST_FILE = selfiegram/Info.plist;
				LD_RUNPATH_SEARCH_PATHS = (
					"$(inherited)",
					"@executable_path/Frameworks",
				);
				PRODUCT_BUNDLE_IDENTIFIER = wingedking.selfiegram;
				PRODUCT_NAME = "$(TARGET_NAME)";
				SWIFT_VERSION = 4.0;
				TARGETED_DEVICE_FAMILY = "1,2";
			};
			name = Release;
		};
		32B4E17B20EBAABF00AE2BC1 /* Debug */ = {
			isa = XCBuildConfiguration;
			buildSettings = {
				ALWAYS_EMBED_SWIFT_STANDARD_LIBRARIES = YES;
				BUNDLE_LOADER = "$(TEST_HOST)";
				CODE_SIGN_STYLE = Automatic;
				INFOPLIST_FILE = selfiegramTests/Info.plist;
				LD_RUNPATH_SEARCH_PATHS = (
					"$(inherited)",
					"@executable_path/Frameworks",
					"@loader_path/Frameworks",
				);
				PRODUCT_BUNDLE_IDENTIFIER = wingedking.selfiegramTests;
				PRODUCT_NAME = "$(TARGET_NAME)";
				SWIFT_VERSION = 4.0;
				TARGETED_DEVICE_FAMILY = "1,2";
				TEST_HOST = "$(BUILT_PRODUCTS_DIR)/selfiegram.app/selfiegram";
			};
			name = Debug;
		};
		32B4E17C20EBAABF00AE2BC1 /* Release */ = {
			isa = XCBuildConfiguration;
			buildSettings = {
				ALWAYS_EMBED_SWIFT_STANDARD_LIBRARIES = YES;
				BUNDLE_LOADER = "$(TEST_HOST)";
				CODE_SIGN_STYLE = Automatic;
				INFOPLIST_FILE = selfiegramTests/Info.plist;
				LD_RUNPATH_SEARCH_PATHS = (
					"$(inherited)",
					"@executable_path/Frameworks",
					"@loader_path/Frameworks",
				);
				PRODUCT_BUNDLE_IDENTIFIER = wingedking.selfiegramTests;
				PRODUCT_NAME = "$(TARGET_NAME)";
				SWIFT_VERSION = 4.0;
				TARGETED_DEVICE_FAMILY = "1,2";
				TEST_HOST = "$(BUILT_PRODUCTS_DIR)/selfiegram.app/selfiegram";
			};
			name = Release;
		};
		32B4E17E20EBAABF00AE2BC1 /* Debug */ = {
			isa = XCBuildConfiguration;
			buildSettings = {
				ALWAYS_EMBED_SWIFT_STANDARD_LIBRARIES = YES;
				CODE_SIGN_STYLE = Automatic;
				INFOPLIST_FILE = selfiegramUITests/Info.plist;
				LD_RUNPATH_SEARCH_PATHS = (
					"$(inherited)",
					"@executable_path/Frameworks",
					"@loader_path/Frameworks",
				);
				PRODUCT_BUNDLE_IDENTIFIER = wingedking.selfiegramUITests;
				PRODUCT_NAME = "$(TARGET_NAME)";
				SWIFT_VERSION = 4.0;
				TARGETED_DEVICE_FAMILY = "1,2";
				TEST_TARGET_NAME = selfiegram;
			};
			name = Debug;
		};
		32B4E17F20EBAABF00AE2BC1 /* Release */ = {
			isa = XCBuildConfiguration;
			buildSettings = {
				ALWAYS_EMBED_SWIFT_STANDARD_LIBRARIES = YES;
				CODE_SIGN_STYLE = Automatic;
				INFOPLIST_FILE = selfiegramUITests/Info.plist;
				LD_RUNPATH_SEARCH_PATHS = (
					"$(inherited)",
					"@executable_path/Frameworks",
					"@loader_path/Frameworks",
				);
				PRODUCT_BUNDLE_IDENTIFIER = wingedking.selfiegramUITests;
				PRODUCT_NAME = "$(TARGET_NAME)";
				SWIFT_VERSION = 4.0;
				TARGETED_DEVICE_FAMILY = "1,2";
				TEST_TARGET_NAME = selfiegram;
			};
			name = Release;
		};
/* End XCBuildConfiguration section */

/* Begin XCConfigurationList section */
		32B4E14820EBAAB600AE2BC1 /* Build configuration list for PBXProject "selfiegram" */ = {
			isa = XCConfigurationList;
			buildConfigurations = (
				32B4E17520EBAABF00AE2BC1 /* Debug */,
				32B4E17620EBAABF00AE2BC1 /* Release */,
			);
			defaultConfigurationIsVisible = 0;
			defaultConfigurationName = Release;
		};
		32B4E17720EBAABF00AE2BC1 /* Build configuration list for PBXNativeTarget "selfiegram" */ = {
			isa = XCConfigurationList;
			buildConfigurations = (
				32B4E17820EBAABF00AE2BC1 /* Debug */,
				32B4E17920EBAABF00AE2BC1 /* Release */,
			);
			defaultConfigurationIsVisible = 0;
			defaultConfigurationName = Release;
		};
		32B4E17A20EBAABF00AE2BC1 /* Build configuration list for PBXNativeTarget "selfiegramTests" */ = {
			isa = XCConfigurationList;
			buildConfigurations = (
				32B4E17B20EBAABF00AE2BC1 /* Debug */,
				32B4E17C20EBAABF00AE2BC1 /* Release */,
			);
			defaultConfigurationIsVisible = 0;
			defaultConfigurationName = Release;
		};
		32B4E17D20EBAABF00AE2BC1 /* Build configuration list for PBXNativeTarget "selfiegramUITests" */ = {
			isa = XCConfigurationList;
			buildConfigurations = (
				32B4E17E20EBAABF00AE2BC1 /* Debug */,
				32B4E17F20EBAABF00AE2BC1 /* Release */,
			);
			defaultConfigurationIsVisible = 0;
			defaultConfigurationName = Release;
		};
/* End XCConfigurationList section */
	};
	rootObject = 32B4E14520EBAAB600AE2BC1 /* Project object */;
}
